
Microsoft Visual Studio Solution File, Format Version 12.00
# Visual Studio Version 16
VisualStudioVersion = 16.0.31005.135
MinimumVisualStudioVersion = 10.0.40219.1
Project("{FAE04EC0-301F-11D3-BF4B-00C04F79EFBC}") = "WindowsFormsApp2", "WindowsFormsApp2\WindowsFormsApp2.csproj", "{494FDC26-EB51-43DD-98E0-5E464877C4EB}"
EndProject
Project("{FAE04EC0-301F-11D3-BF4B-00C04F79EFBC}") = "ClassLibrary2", "ClassLibrary2\ClassLibrary2.csproj", "{AB591EDA-9A6B-45F0-BEAA-8FF7B30570DB}"
EndProject
Global
	GlobalSection(SolutionConfigurationPlatforms) = preSolution
		Debug|Any CPU = Debug|Any CPU
		Release|Any CPU = Release|Any CPU
	EndGlobalSection
	GlobalSection(ProjectConfigurationPlatforms) = postSolution
		{494FDC26-EB51-43DD-98E0-5E464877C4EB}.Debug|Any CPU.ActiveCfg = Debug|Any CPU
		{494FDC26-EB51-43DD-98E0-5E464877C4EB}.Debug|Any CPU.Build.0 = Debug|Any CPU
		{494FDC26-EB51-43DD-98E0-5E464877C4EB}.Release|Any CPU.ActiveCfg = Release|Any CPU
		{494FDC26-EB51-43DD-98E0-5E464877C4EB}.Release|Any CPU.Build.0 = Release|Any CPU
		{AB591EDA-9A6B-45F0-BEAA-8FF7B30570DB}.Debug|Any CPU.ActiveCfg = Debug|Any CPU
		{AB591EDA-9A6B-45F0-BEAA-8FF7B30570DB}.Debug|Any CPU.Build.0 = Debug|Any CPU
		{AB591EDA-9A6B-45F0-BEAA-8FF7B30570DB}.Release|Any CPU.ActiveCfg = Release|Any CPU
		{AB591EDA-9A6B-45F0-BEAA-8FF7B30570DB}.Release|Any CPU.Build.0 = Release|Any CPU
	EndGlobalSection
	GlobalSection(SolutionProperties) = preSolution
		HideSolutionNode = FALSE
	EndGlobalSection
	GlobalSection(ExtensibilityGlobals) = postSolution
		SolutionGuid = {2CD5EA08-3E8C-4067-B40E-5A56904A2D39}
	EndGlobalSection
EndGlobal
